
Microsoft Visual Studio Solution File, Format Version 12.00
# Visual Studio Version 16
VisualStudioVersion = 16.0.31229.75
MinimumVisualStudioVersion = 10.0.40219.1
Project("{8BC9CEB8-8B4A-11D0-8D11-00A0C91BC942}") = "www.acmicpc.net", "www.acmicpc.net\www.acmicpc.net.vcxproj", "{23AE548E-0467-41D1-A7BE-5191AE75B2C1}"
EndProject
Project("{8BC9CEB8-8B4A-11D0-8D11-00A0C91BC942}") = "002750", "002750\002750.vcxproj", "{1E6C7D26-4721-4F50-94FD-933AFE0E8CFD}"
EndProject
Project("{8BC9CEB8-8B4A-11D0-8D11-00A0C91BC942}") = "002751", "002751\002751.vcxproj", "{14A7C058-AB77-49FC-A94F-D755C9E8D8D8}"
EndProject
Project("{8BC9CEB8-8B4A-11D0-8D11-00A0C91BC942}") = "010989", "010989\010989.vcxproj", "{1B11E46D-9BAB-4281-B3EA-6409E4FFA684}"
EndProject
Project("{8BC9CEB8-8B4A-11D0-8D11-00A0C91BC942}") = "002108", "002108\002108.vcxproj", "{CD0FCB0F-25E3-4D6F-802A-CE96B55D6DA4}"
EndProject
Project("{8BC9CEB8-8B4A-11D0-8D11-00A0C91BC942}") = "001427", "001427\001427.vcxproj", "{D889B45B-BF34-4D6E-9B35-2083C21A68DD}"
EndProject
Project("{8BC9CEB8-8B4A-11D0-8D11-00A0C91BC942}") = "011650", "011650\011650.vcxproj", "{36E2ACD5-D1E6-48D6-8208-2431878FD3C6}"
EndProject
Project("{8BC9CEB8-8B4A-11D0-8D11-00A0C91BC942}") = "011651", "011651\011651.vcxproj", "{44013AF9-180C-4902-81B1-B64079A28307}"
EndProject
Project("{8BC9CEB8-8B4A-11D0-8D11-00A0C91BC942}") = "001181", "001181\001181.vcxproj", "{D890B876-BDBE-4A13-9DEF-FD0068CFFE04}"
EndProject
Project("{8BC9CEB8-8B4A-11D0-8D11-00A0C91BC942}") = "010814", "010814\010814.vcxproj", "{CA048069-2DCE-451E-824B-FF03AEC8CEB9}"
EndProject
Project("{8BC9CEB8-8B4A-11D0-8D11-00A0C91BC942}") = "018870", "018870\018870.vcxproj", "{9AB744C3-BC17-42B2-AEAE-D00D2525AD8B}"
EndProject
Global
	GlobalSection(SolutionConfigurationPlatforms) = preSolution
		Debug|x64 = Debug|x64
		Debug|x86 = Debug|x86
		Release|x64 = Release|x64
		Release|x86 = Release|x86
	EndGlobalSection
	GlobalSection(ProjectConfigurationPlatforms) = postSolution
		{23AE548E-0467-41D1-A7BE-5191AE75B2C1}.Debug|x64.ActiveCfg = Debug|x64
		{23AE548E-0467-41D1-A7BE-5191AE75B2C1}.Debug|x64.Build.0 = Debug|x64
		{23AE548E-0467-41D1-A7BE-5191AE75B2C1}.Debug|x86.ActiveCfg = Debug|Win32
		{23AE548E-0467-41D1-A7BE-5191AE75B2C1}.Debug|x86.Build.0 = Debug|Win32
		{23AE548E-0467-41D1-A7BE-5191AE75B2C1}.Release|x64.ActiveCfg = Release|x64
		{23AE548E-0467-41D1-A7BE-5191AE75B2C1}.Release|x64.Build.0 = Release|x64
		{23AE548E-0467-41D1-A7BE-5191AE75B2C1}.Release|x86.ActiveCfg = Release|Win32
		{23AE548E-0467-41D1-A7BE-5191AE75B2C1}.Release|x86.Build.0 = Release|Win32
		{1E6C7D26-4721-4F50-94FD-933AFE0E8CFD}.Debug|x64.ActiveCfg = Debug|x64
		{1E6C7D26-4721-4F50-94FD-933AFE0E8CFD}.Debug|x64.Build.0 = Debug|x64
		{1E6C7D26-4721-4F50-94FD-933AFE0E8CFD}.Debug|x86.ActiveCfg = Debug|Win32
		{1E6C7D26-4721-4F50-94FD-933AFE0E8CFD}.Debug|x86.Build.0 = Debug|Win32
		{1E6C7D26-4721-4F50-94FD-933AFE0E8CFD}.Release|x64.ActiveCfg = Release|x64
		{1E6C7D26-4721-4F50-94FD-933AFE0E8CFD}.Release|x64.Build.0 = Release|x64
		{1E6C7D26-4721-4F50-94FD-933AFE0E8CFD}.Release|x86.ActiveCfg = Release|Win32
		{1E6C7D26-4721-4F50-94FD-933AFE0E8CFD}.Release|x86.Build.0 = Release|Win32
		{14A7C058-AB77-49FC-A94F-D755C9E8D8D8}.Debug|x64.ActiveCfg = Debug|x64
		{14A7C058-AB77-49FC-A94F-D755C9E8D8D8}.Debug|x64.Build.0 = Debug|x64
		{14A7C058-AB77-49FC-A94F-D755C9E8D8D8}.Debug|x86.ActiveCfg = Debug|Win32
		{14A7C058-AB77-49FC-A94F-D755C9E8D8D8}.Debug|x86.Build.0 = Debug|Win32
		{14A7C058-AB77-49FC-A94F-D755C9E8D8D8}.Release|x64.ActiveCfg = Release|x64
		{14A7C058-AB77-49FC-A94F-D755C9E8D8D8}.Release|x64.Build.0 = Release|x64
		{14A7C058-AB77-49FC-A94F-D755C9E8D8D8}.Release|x86.ActiveCfg = Release|Win32
		{14A7C058-AB77-49FC-A94F-D755C9E8D8D8}.Release|x86.Build.0 = Release|Win32
		{1B11E46D-9BAB-4281-B3EA-6409E4FFA684}.Debug|x64.ActiveCfg = Debug|x64
		{1B11E46D-9BAB-4281-B3EA-6409E4FFA684}.Debug|x64.Build.0 = Debug|x64
		{1B11E46D-9BAB-4281-B3EA-6409E4FFA684}.Debug|x86.ActiveCfg = Debug|Win32
		{1B11E46D-9BAB-4281-B3EA-6409E4FFA684}.Debug|x86.Build.0 = Debug|Win32
		{1B11E46D-9BAB-4281-B3EA-6409E4FFA684}.Release|x64.ActiveCfg = Release|x64
		{1B11E46D-9BAB-4281-B3EA-6409E4FFA684}.Release|x64.Build.0 = Release|x64
		{1B11E46D-9BAB-4281-B3EA-6409E4FFA684}.Release|x86.ActiveCfg = Release|Win32
		{1B11E46D-9BAB-4281-B3EA-6409E4FFA684}.Release|x86.Build.0 = Release|Win32
		{CD0FCB0F-25E3-4D6F-802A-CE96B55D6DA4}.Debug|x64.ActiveCfg = Debug|x64
		{CD0FCB0F-25E3-4D6F-802A-CE96B55D6DA4}.Debug|x64.Build.0 = Debug|x64
		{CD0FCB0F-25E3-4D6F-802A-CE96B55D6DA4}.Debug|x86.ActiveCfg = Debug|Win32
		{CD0FCB0F-25E3-4D6F-802A-CE96B55D6DA4}.Debug|x86.Build.0 = Debug|Win32
		{CD0FCB0F-25E3-4D6F-802A-CE96B55D6DA4}.Release|x64.ActiveCfg = Release|x64
		{CD0FCB0F-25E3-4D6F-802A-CE96B55D6DA4}.Release|x64.Build.0 = Release|x64
		{CD0FCB0F-25E3-4D6F-802A-CE96B55D6DA4}.Release|x86.ActiveCfg = Release|Win32
		{CD0FCB0F-25E3-4D6F-802A-CE96B55D6DA4}.Release|x86.Build.0 = Release|Win32
		{D889B45B-BF34-4D6E-9B35-2083C21A68DD}.Debug|x64.ActiveCfg = Debug|x64
		{D889B45B-BF34-4D6E-9B35-2083C21A68DD}.Debug|x64.Build.0 = Debug|x64
		{D889B45B-BF34-4D6E-9B35-2083C21A68DD}.Debug|x86.ActiveCfg = Debug|Win32
		{D889B45B-BF34-4D6E-9B35-2083C21A68DD}.Debug|x86.Build.0 = Debug|Win32
		{D889B45B-BF34-4D6E-9B35-2083C21A68DD}.Release|x64.ActiveCfg = Release|x64
		{D889B45B-BF34-4D6E-9B35-2083C21A68DD}.Release|x64.Build.0 = Release|x64
		{D889B45B-BF34-4D6E-9B35-2083C21A68DD}.Release|x86.ActiveCfg = Release|Win32
		{D889B45B-BF34-4D6E-9B35-2083C21A68DD}.Release|x86.Build.0 = Release|Win32
		{36E2ACD5-D1E6-48D6-8208-2431878FD3C6}.Debug|x64.ActiveCfg = Debug|x64
		{36E2ACD5-D1E6-48D6-8208-2431878FD3C6}.Debug|x64.Build.0 = Debug|x64
		{36E2ACD5-D1E6-48D6-8208-2431878FD3C6}.Debug|x86.ActiveCfg = Debug|Win32
		{36E2ACD5-D1E6-48D6-8208-2431878FD3C6}.Debug|x86.Build.0 = Debug|Win32
		{36E2ACD5-D1E6-48D6-8208-2431878FD3C6}.Release|x64.ActiveCfg = Release|x64
		{36E2ACD5-D1E6-48D6-8208-2431878FD3C6}.Release|x64.Build.0 = Release|x64
		{36E2ACD5-D1E6-48D6-8208-2431878FD3C6}.Release|x86.ActiveCfg = Release|Win32
		{36E2ACD5-D1E6-48D6-8208-2431878FD3C6}.Release|x86.Build.0 = Release|Win32
		{44013AF9-180C-4902-81B1-B64079A28307}.Debug|x64.ActiveCfg = Debug|x64
		{44013AF9-180C-4902-81B1-B64079A28307}.Debug|x64.Build.0 = Debug|x64
		{44013AF9-180C-4902-81B1-B64079A28307}.Debug|x86.ActiveCfg = Debug|Win32
		{44013AF9-180C-4902-81B1-B64079A28307}.Debug|x86.Build.0 = Debug|Win32
		{44013AF9-180C-4902-81B1-B64079A28307}.Release|x64.ActiveCfg = Release|x64
		{44013AF9-180C-4902-81B1-B64079A28307}.Release|x64.Build.0 = Release|x64
		{44013AF9-180C-4902-81B1-B64079A28307}.Release|x86.ActiveCfg = Release|Win32
		{44013AF9-180C-4902-81B1-B64079A28307}.Release|x86.Build.0 = Release|Win32
		{D890B876-BDBE-4A13-9DEF-FD0068CFFE04}.Debug|x64.ActiveCfg = Debug|x64
		{D890B876-BDBE-4A13-9DEF-FD0068CFFE04}.Debug|x64.Build.0 = Debug|x64
		{D890B876-BDBE-4A13-9DEF-FD0068CFFE04}.Debug|x86.ActiveCfg = Debug|Win32
		{D890B876-BDBE-4A13-9DEF-FD0068CFFE04}.Debug|x86.Build.0 = Debug|Win32
		{D890B876-BDBE-4A13-9DEF-FD0068CFFE04}.Release|x64.ActiveCfg = Release|x64
		{D890B876-BDBE-4A13-9DEF-FD0068CFFE04}.Release|x64.Build.0 = Release|x64
		{D890B876-BDBE-4A13-9DEF-FD0068CFFE04}.Release|x86.ActiveCfg = Release|Win32
		{D890B876-BDBE-4A13-9DEF-FD0068CFFE04}.Release|x86.Build.0 = Release|Win32
		{CA048069-2DCE-451E-824B-FF03AEC8CEB9}.Debug|x64.ActiveCfg = Debug|x64
		{CA048069-2DCE-451E-824B-FF03AEC8CEB9}.Debug|x64.Build.0 = Debug|x64
		{CA048069-2DCE-451E-824B-FF03AEC8CEB9}.Debug|x86.ActiveCfg = Debug|Win32
		{CA048069-2DCE-451E-824B-FF03AEC8CEB9}.Debug|x86.Build.0 = Debug|Win32
		{CA048069-2DCE-451E-824B-FF03AEC8CEB9}.Release|x64.ActiveCfg = Release|x64
		{CA048069-2DCE-451E-824B-FF03AEC8CEB9}.Release|x64.Build.0 = Release|x64
		{CA048069-2DCE-451E-824B-FF03AEC8CEB9}.Release|x86.ActiveCfg = Release|Win32
		{CA048069-2DCE-451E-824B-FF03AEC8CEB9}.Release|x86.Build.0 = Release|Win32
		{9AB744C3-BC17-42B2-AEAE-D00D2525AD8B}.Debug|x64.ActiveCfg = Debug|x64
		{9AB744C3-BC17-42B2-AEAE-D00D2525AD8B}.Debug|x64.Build.0 = Debug|x64
		{9AB744C3-BC17-42B2-AEAE-D00D2525AD8B}.Debug|x86.ActiveCfg = Debug|Win32
		{9AB744C3-BC17-42B2-AEAE-D00D2525AD8B}.Debug|x86.Build.0 = Debug|Win32
		{9AB744C3-BC17-42B2-AEAE-D00D2525AD8B}.Release|x64.ActiveCfg = Release|x64
		{9AB744C3-BC17-42B2-AEAE-D00D2525AD8B}.Release|x64.Build.0 = Release|x64
		{9AB744C3-BC17-42B2-AEAE-D00D2525AD8B}.Release|x86.ActiveCfg = Release|Win32
		{9AB744C3-BC17-42B2-AEAE-D00D2525AD8B}.Release|x86.Build.0 = Release|Win32
	EndGlobalSection
	GlobalSection(SolutionProperties) = preSolution
		HideSolutionNode = FALSE
	EndGlobalSection
	GlobalSection(ExtensibilityGlobals) = postSolution
		SolutionGuid = {24DF4999-F9C1-4CF6-B3A3-6529654DCEFF}
	EndGlobalSection
EndGlobal
